<Project xmlns="http://schemas.microsoft.com/developer/msbuild/2003">
    <PropertyGroup>
        <Base>True</Base>
        <AppType>Console</AppType>
        <Config Condition="'$(Config)'==''">Debug</Config>
        <FrameworkType>None</FrameworkType>
        <MainSource>Militereum.dpr</MainSource>
        <Platform Condition="'$(Platform)'==''">Win32</Platform>
        <ProjectGuid>{380E5F15-CC19-411F-AD35-A52A297BA9C9}</ProjectGuid>
        <ProjectName Condition="'$(ProjectName)'==''">Militereum</ProjectName>
        <ProjectVersion>20.2</ProjectVersion>
        <TargetedPlatforms>1</TargetedPlatforms>
    </PropertyGroup>
    <PropertyGroup Condition="'$(Config)'=='Base' or '$(Base)'!=''">
        <Base>true</Base>
    </PropertyGroup>
    <PropertyGroup Condition="('$(Platform)'=='Win32' and '$(Base)'=='true') or '$(Base_Win32)'!=''">
        <Base_Win32>true</Base_Win32>
        <CfgParent>Base</CfgParent>
        <Base>true</Base>
    </PropertyGroup>
    <PropertyGroup Condition="'$(Config)'=='Debug' or '$(Cfg_1)'!=''">
        <Cfg_1>true</Cfg_1>
        <CfgParent>Base</CfgParent>
        <Base>true</Base>
    </PropertyGroup>
    <PropertyGroup Condition="('$(Platform)'=='Win32' and '$(Cfg_1)'=='true') or '$(Cfg_1_Win32)'!=''">
        <Cfg_1_Win32>true</Cfg_1_Win32>
        <CfgParent>Cfg_1</CfgParent>
        <Cfg_1>true</Cfg_1>
        <Base>true</Base>
    </PropertyGroup>
    <PropertyGroup Condition="'$(Config)'=='Release' or '$(Cfg_2)'!=''">
        <Cfg_2>true</Cfg_2>
        <CfgParent>Base</CfgParent>
        <Base>true</Base>
    </PropertyGroup>
    <PropertyGroup Condition="'$(Base)'!=''">
        <SanitizedProjectName>Militereum</SanitizedProjectName>
        <DCC_DcuOutput>.\$(Platform)\$(Config)</DCC_DcuOutput>
        <DCC_ExeOutput>.\$(Platform)\$(Config)</DCC_ExeOutput>
        <DCC_Namespace>System;Xml;Data;Datasnap;Web;Soap;$(DCC_Namespace)</DCC_Namespace>
        <DCC_UnitSearchPath>$(DUnitX);../;../../delphereum;../../DelphiBigNumbers/Source;../../CryptoLib4Pascal/CryptoLib/src/Interfaces;../../CryptoLib4Pascal/CryptoLib/src/Math;../../CryptoLib4Pascal/CryptoLib/src/Utils;../../CryptoLib4Pascal/CryptoLib/src/Security;../../HashLib4Pascal/HashLib/src/Interfaces;../../HashLib4Pascal/HashLib/src/Utils;../../CryptoLib4Pascal/CryptoLib/src/Utils/Randoms;../../HashLib4Pascal/HashLib/src/Base;../../HashLib4Pascal/HashLib/src/KDF;../../HashLib4Pascal/HashLib/src/Nullable;../../HashLib4Pascal/HashLib/src/NullDigest;../../HashLib4Pascal/HashLib/src/Checksum;../../HashLib4Pascal/HashLib/src/Hash32;../../HashLib4Pascal/HashLib/src/Hash64;../../HashLib4Pascal/HashLib/src/Hash128;../../HashLib4Pascal/HashLib/src/Crypto;../../HashLib4Pascal/HashLib/src/Interfaces/IBlake2BParams;../../HashLib4Pascal/HashLib/src/Crypto/Blake2BParams;../../HashLib4Pascal/HashLib/src/Interfaces/IBlake2SParams;../../HashLib4Pascal/HashLib/src/Crypto/Blake2SParams;../../CryptoLib4Pascal/CryptoLib/src/Crypto/Digests;../../CryptoLib4Pascal/CryptoLib/src/Asn1/Pkcs;../../CryptoLib4Pascal/CryptoLib/src/Asn1;../../CryptoLib4Pascal/CryptoLib/src/Utils/Encoders;../../SimpleBaseLib4Pascal/SimpleBaseLib/src/Bases;../../SimpleBaseLib4Pascal/SimpleBaseLib/src/Utils;../../SimpleBaseLib4Pascal/SimpleBaseLib/src/Interfaces;../../CryptoLib4Pascal/CryptoLib/src/Asn1/RossStandart;../../CryptoLib4Pascal/CryptoLib/src/Asn1/Oiw;../../CryptoLib4Pascal/CryptoLib/src/Asn1/Nist;../../CryptoLib4Pascal/CryptoLib/src/Asn1/Misc;../../CryptoLib4Pascal/CryptoLib/src/Asn1/TeleTrust;../../CryptoLib4Pascal/CryptoLib/src/Asn1/CryptoPro;../../CryptoLib4Pascal/CryptoLib/src/Crypto/Prng;../../CryptoLib4Pascal/CryptoLib/src/Utils/Rng;../../CryptoLib4Pascal/CryptoLib/src/Crypto/Engines;../../CryptoLib4Pascal/CryptoLib/src/Crypto/Parameters;../../CryptoLib4Pascal/CryptoLib/src/Crypto;../../CryptoLib4Pascal/CryptoLib/src/Math/EC;../../CryptoLib4Pascal/CryptoLib/src/Crypto/EC;../../CryptoLib4Pascal/CryptoLib/src/Math/EC/Endo;../../CryptoLib4Pascal/CryptoLib/src/Asn1/Sec;../../CryptoLib4Pascal/CryptoLib/src/Asn1/X9;../../CryptoLib4Pascal/CryptoLib/src/Asn1/CryptLib;../../CryptoLib4Pascal/CryptoLib/src/Math/Raw;../../CryptoLib4Pascal/CryptoLib/src/Math/EC/Multiplier;../../CryptoLib4Pascal/CryptoLib/src/Math/EC/Abc;../../CryptoLib4Pascal/CryptoLib/src/Math/Field;../../CryptoLib4Pascal/CryptoLib/src/Math/EC/Custom/Sec;../../CryptoLib4Pascal/CryptoLib/src/Math/EC/Custom/Djb;../../CryptoLib4Pascal/CryptoLib/src/Crypto/Signers;../../CryptoLib4Pascal/CryptoLib/src/Crypto/Generators;../../CryptoLib4Pascal/CryptoLib/src/Crypto/Macs;$(DCC_UnitSearchPath)</DCC_UnitSearchPath>
        <Icns_MainIcns>$(BDS)\bin\delphi_PROJECTICNS.icns</Icns_MainIcns>
        <Icon_MainIcon>$(BDS)\bin\delphi_PROJECTICON.ico</Icon_MainIcon>
        <UsingDelphiRTL>true</UsingDelphiRTL>
        <VerInfo_Keys>CompanyName=;FileDescription=$(MSBuildProjectName);FileVersion=1.0.0.0;InternalName=;LegalCopyright=;LegalTrademarks=;OriginalFilename=;ProgramID=com.embarcadero.$(MSBuildProjectName);ProductName=$(MSBuildProjectName);ProductVersion=1.0.0.0;Comments=</VerInfo_Keys>
        <VerInfo_Locale>1033</VerInfo_Locale>
    </PropertyGroup>
    <PropertyGroup Condition="'$(Base_Win32)'!=''">
        <BT_BuildType>Debug</BT_BuildType>
        <DCC_Namespace>Winapi;System.Win;Data.Win;Datasnap.Win;Web.Win;Soap.Win;Xml.Win;Bde;$(DCC_Namespace)</DCC_Namespace>
        <DCC_UsePackage>RemObjects_WebBroker_D29;sgcWebSocketsD12;vclwinx;DataSnapServer;fmx;emshosting;vclie;DbxCommonDriver;bindengine;IndyIPCommon;VCLRESTComponents;DBXMSSQLDriver;FireDACCommonODBC;emsclient;FireDACCommonDriver;appanalytics;IndyProtocols;vclx;Skia.Package.RTL;RemObjects_Server_Indy_D29;IndyIPClient;dbxcds;vcledge;bindcompvclwinx;emsedge;bindcompfmx;DBXFirebirdDriver;inetdb;FireDACSqliteDriver;DbxClientDriver;FireDACASADriver;RemObjects_Server_Synapse_D29;DataAbstract_DBXDriver_Pro_D29;soapmidas;vclactnband;fmxFireDAC;dbexpress;FireDACInfxDriver;DBXMySQLDriver;VclSmp;inet;DataSnapCommon;vcltouch;fmxase;DataAbstract_SQLiteDriver_D29;DBXOdbcDriver;dbrtl;FireDACDBXDriver;Skia.Package.FMX;FireDACOracleDriver;fmxdae;FireDACMSAccDriver;CustomIPTransport;FireDACMSSQLDriver;DataSnapIndy10ServerTransport;DataSnapConnectors;vcldsnap;DBXInterBaseDriver;FireDACMongoDBDriver;IndySystem;FireDACTDataDriver;RemObjects_Synapse_D29;Skia.Package.VCL;vcldb;vclFireDAC;bindcomp;FireDACCommon;DataSnapServerMidas;FireDACODBCDriver;emsserverresource;IndyCore;RESTBackendComponents;sgcIDE;bindcompdbx;rtl;FireDACMySQLDriver;FireDACADSDriver;RESTComponents;DBXSqliteDriver;vcl;IndyIPServer;dsnapxml;dsnapcon;DataSnapClient;DataSnapProviderClient;adortl;DBXSybaseASEDriver;TMSWEBCorePkgDXE15;DBXDb2Driver;vclimg;DataSnapFireDAC;emsclientfiredac;FireDACPgDriver;FireDAC;FireDACDSDriver;inetdbxpress;xmlrtl;tethering;RemObjects_Indy_D29;DataAbstract_SpiderMonkeyScripting_D29;bindcompvcl;dsnap;CloudService;DBXSybaseASADriver;DBXOracleDriver;FireDACDb2Driver;DBXInformixDriver;fmxobj;bindcompvclsmp;DataSnapNativeClient;TMSWEBCorePkgLibDXE15;DatasnapConnectorsFreePascal;soaprtl;soapserver;FireDACIBDriver;$(DCC_UsePackage)</DCC_UsePackage>
        <VerInfo_Keys>CompanyName=;FileDescription=$(MSBuildProjectName);FileVersion=1.0.0.0;InternalName=;LegalCopyright=;LegalTrademarks=;OriginalFilename=;ProgramID=com.embarcadero.$(MSBuildProjectName);ProductName=$(MSBuildProjectName);ProductVersion=1.0.0.0;Comments=</VerInfo_Keys>
        <VerInfo_Locale>1033</VerInfo_Locale>
    </PropertyGroup>
    <PropertyGroup Condition="'$(Cfg_1)'!=''">
        <DCC_DebugDCUs>true</DCC_DebugDCUs>
        <DCC_DebugInfoInExe>true</DCC_DebugInfoInExe>
        <DCC_Define>DEBUG;$(DCC_Define)</DCC_Define>
        <DCC_GenerateStackFrames>true</DCC_GenerateStackFrames>
        <DCC_IntegerOverflowCheck>true</DCC_IntegerOverflowCheck>
        <DCC_Optimize>false</DCC_Optimize>
        <DCC_RangeChecking>true</DCC_RangeChecking>
        <DCC_RemoteDebug>true</DCC_RemoteDebug>
    </PropertyGroup>
    <PropertyGroup Condition="'$(Cfg_1_Win32)'!=''">
        <AppDPIAwarenessMode>none</AppDPIAwarenessMode>
        <DCC_RemoteDebug>false</DCC_RemoteDebug>
        <Manifest_File>(None)</Manifest_File>
    </PropertyGroup>
    <PropertyGroup Condition="'$(Cfg_2)'!=''">
        <DCC_DebugInformation>0</DCC_DebugInformation>
        <DCC_Define>RELEASE;$(DCC_Define)</DCC_Define>
        <DCC_LocalDebugSymbols>false</DCC_LocalDebugSymbols>
        <DCC_SymbolReferenceInfo>0</DCC_SymbolReferenceInfo>
    </PropertyGroup>
    <ItemGroup>
        <DelphiCompile Include="$(MainSource)">
            <MainSource>MainSource</MainSource>
        </DelphiCompile>
        <DCCReference Include="..\checks.tests.pas"/>
        <BuildConfiguration Include="Base">
            <Key>Base</Key>
        </BuildConfiguration>
        <BuildConfiguration Include="Debug">
            <Key>Cfg_1</Key>
            <CfgParent>Base</CfgParent>
        </BuildConfiguration>
        <BuildConfiguration Include="Release">
            <Key>Cfg_2</Key>
            <CfgParent>Base</CfgParent>
        </BuildConfiguration>
    </ItemGroup>
    <ProjectExtensions>
        <Borland.Personality>Delphi.Personality.12</Borland.Personality>
        <Borland.ProjectType>Application</Borland.ProjectType>
        <BorlandProject>
            <Delphi.Personality>
                <Source>
                    <Source Name="MainSource">Militereum.dpr</Source>
                </Source>
                <Excluded_Packages/>
            </Delphi.Personality>
            <Platforms>
                <Platform value="OSX64">False</Platform>
                <Platform value="OSXARM64">False</Platform>
                <Platform value="Win32">True</Platform>
                <Platform value="Win64">False</Platform>
                <Platform value="iOSDevice64">False</Platform>
                <Platform value="iOSSimARM64">False</Platform>
            </Platforms>
        </BorlandProject>
        <ProjectFileVersion>12</ProjectFileVersion>
    </ProjectExtensions>
    <Import Project="$(BDS)\Bin\CodeGear.Delphi.Targets" Condition="Exists('$(BDS)\Bin\CodeGear.Delphi.Targets')"/>
    <Import Project="$(APPDATA)\Embarcadero\$(BDSAPPDATABASEDIR)\$(PRODUCTVERSION)\UserTools.proj" Condition="Exists('$(APPDATA)\Embarcadero\$(BDSAPPDATABASEDIR)\$(PRODUCTVERSION)\UserTools.proj')"/>
    <Import Project="$(MSBuildProjectName).deployproj" Condition="Exists('$(MSBuildProjectName).deployproj')"/>
</Project>
